
Microsoft Visual Studio Solution File, Format Version 12.00
# Visual Studio 2013
VisualStudioVersion = 12.0.31101.0
MinimumVisualStudioVersion = 10.0.40219.1
Project("{FAE04EC0-301F-11D3-BF4B-00C04F79EFBC}") = "Yutai", "yutai\Yutai.csproj", "{E27C2C36-4A97-428F-B6A0-C40E2DD5BB29}"
EndProject
Project("{2150E333-8FDC-42A3-9474-1A3956D46DE8}") = "01-Application", "01-Application", "{E99B428F-847E-4051-8FD7-B25F50C5C71C}"
EndProject
Project("{2150E333-8FDC-42A3-9474-1A3956D46DE8}") = "02-Infrastructure", "02-Infrastructure", "{6F3B7474-7E62-4202-ABEB-18B57080D970}"
EndProject
Project("{2150E333-8FDC-42A3-9474-1A3956D46DE8}") = "03-Domain", "03-Domain", "{95FCE248-EED1-432A-A517-A6ECCE120A44}"
EndProject
Project("{FAE04EC0-301F-11D3-BF4B-00C04F79EFBC}") = "Yutai.IService", "Yutai.IService\Yutai.IService.csproj", "{3DD35130-9999-4BAE-B99E-766E982AF138}"
EndProject
Project("{FAE04EC0-301F-11D3-BF4B-00C04F79EFBC}") = "Yutai.Service", "Yutai.Service\Yutai.Service.csproj", "{26F3F78F-F686-40E4-9EC8-4E2AB3FA5386}"
EndProject
Project("{FAE04EC0-301F-11D3-BF4B-00C04F79EFBC}") = "Yutai.Dao", "Yutai.Dao\Yutai.Dao.csproj", "{FDFEEF6F-D85F-46B6-8DB5-D6379504BE2C}"
EndProject
Project("{FAE04EC0-301F-11D3-BF4B-00C04F79EFBC}") = "Yutai.Admin", "Yutai.Admin\Yutai.Admin.csproj", "{107B4DA8-FE76-4BBE-B0C9-2C5617CC3A4A}"
EndProject
Global
	GlobalSection(SolutionConfigurationPlatforms) = preSolution
		Debug|Any CPU = Debug|Any CPU
		Release|Any CPU = Release|Any CPU
	EndGlobalSection
	GlobalSection(ProjectConfigurationPlatforms) = postSolution
		{E27C2C36-4A97-428F-B6A0-C40E2DD5BB29}.Debug|Any CPU.ActiveCfg = Debug|Any CPU
		{E27C2C36-4A97-428F-B6A0-C40E2DD5BB29}.Debug|Any CPU.Build.0 = Debug|Any CPU
		{E27C2C36-4A97-428F-B6A0-C40E2DD5BB29}.Release|Any CPU.ActiveCfg = Release|Any CPU
		{E27C2C36-4A97-428F-B6A0-C40E2DD5BB29}.Release|Any CPU.Build.0 = Release|Any CPU
		{3DD35130-9999-4BAE-B99E-766E982AF138}.Debug|Any CPU.ActiveCfg = Debug|Any CPU
		{3DD35130-9999-4BAE-B99E-766E982AF138}.Debug|Any CPU.Build.0 = Debug|Any CPU
		{3DD35130-9999-4BAE-B99E-766E982AF138}.Release|Any CPU.ActiveCfg = Release|Any CPU
		{3DD35130-9999-4BAE-B99E-766E982AF138}.Release|Any CPU.Build.0 = Release|Any CPU
		{26F3F78F-F686-40E4-9EC8-4E2AB3FA5386}.Debug|Any CPU.ActiveCfg = Debug|Any CPU
		{26F3F78F-F686-40E4-9EC8-4E2AB3FA5386}.Debug|Any CPU.Build.0 = Debug|Any CPU
		{26F3F78F-F686-40E4-9EC8-4E2AB3FA5386}.Release|Any CPU.ActiveCfg = Release|Any CPU
		{26F3F78F-F686-40E4-9EC8-4E2AB3FA5386}.Release|Any CPU.Build.0 = Release|Any CPU
		{FDFEEF6F-D85F-46B6-8DB5-D6379504BE2C}.Debug|Any CPU.ActiveCfg = Debug|Any CPU
		{FDFEEF6F-D85F-46B6-8DB5-D6379504BE2C}.Debug|Any CPU.Build.0 = Debug|Any CPU
		{FDFEEF6F-D85F-46B6-8DB5-D6379504BE2C}.Release|Any CPU.ActiveCfg = Release|Any CPU
		{FDFEEF6F-D85F-46B6-8DB5-D6379504BE2C}.Release|Any CPU.Build.0 = Release|Any CPU
		{107B4DA8-FE76-4BBE-B0C9-2C5617CC3A4A}.Debug|Any CPU.ActiveCfg = Debug|Any CPU
		{107B4DA8-FE76-4BBE-B0C9-2C5617CC3A4A}.Debug|Any CPU.Build.0 = Debug|Any CPU
		{107B4DA8-FE76-4BBE-B0C9-2C5617CC3A4A}.Release|Any CPU.ActiveCfg = Release|Any CPU
		{107B4DA8-FE76-4BBE-B0C9-2C5617CC3A4A}.Release|Any CPU.Build.0 = Release|Any CPU
	EndGlobalSection
	GlobalSection(SolutionProperties) = preSolution
		HideSolutionNode = FALSE
	EndGlobalSection
	GlobalSection(NestedProjects) = preSolution
		{E27C2C36-4A97-428F-B6A0-C40E2DD5BB29} = {E99B428F-847E-4051-8FD7-B25F50C5C71C}
		{3DD35130-9999-4BAE-B99E-766E982AF138} = {6F3B7474-7E62-4202-ABEB-18B57080D970}
		{26F3F78F-F686-40E4-9EC8-4E2AB3FA5386} = {6F3B7474-7E62-4202-ABEB-18B57080D970}
		{FDFEEF6F-D85F-46B6-8DB5-D6379504BE2C} = {95FCE248-EED1-432A-A517-A6ECCE120A44}
		{107B4DA8-FE76-4BBE-B0C9-2C5617CC3A4A} = {E99B428F-847E-4051-8FD7-B25F50C5C71C}
	EndGlobalSection
EndGlobal
